
Microsoft Visual Studio Solution File, Format Version 12.00
# Visual Studio Version 16
VisualStudioVersion = 16.0.29806.167
MinimumVisualStudioVersion = 10.0.40219.1
Project("{FAE04EC0-301F-11D3-BF4B-00C04F79EFBC}") = "lab5_382", "lab5_382\lab5_382.csproj", "{707F8456-A81D-48F8-881B-DEDEE5649FE7}"
EndProject
Global
	GlobalSection(SolutionConfigurationPlatforms) = preSolution
		Debug|Any CPU = Debug|Any CPU
		Release|Any CPU = Release|Any CPU
	EndGlobalSection
	GlobalSection(ProjectConfigurationPlatforms) = postSolution
		{707F8456-A81D-48F8-881B-DEDEE5649FE7}.Debug|Any CPU.ActiveCfg = Debug|Any CPU
		{707F8456-A81D-48F8-881B-DEDEE5649FE7}.Debug|Any CPU.Build.0 = Debug|Any CPU
		{707F8456-A81D-48F8-881B-DEDEE5649FE7}.Release|Any CPU.ActiveCfg = Release|Any CPU
		{707F8456-A81D-48F8-881B-DEDEE5649FE7}.Release|Any CPU.Build.0 = Release|Any CPU
	EndGlobalSection
	GlobalSection(SolutionProperties) = preSolution
		HideSolutionNode = FALSE
	EndGlobalSection
	GlobalSection(ExtensibilityGlobals) = postSolution
		SolutionGuid = {8ECD2119-9CF7-433E-A959-483261FF192F}
	EndGlobalSection
EndGlobal
